
Microsoft Visual Studio Solution File, Format Version 12.00
# Visual Studio Version 17
VisualStudioVersion = 17.0.31919.166
MinimumVisualStudioVersion = 10.0.40219.1
Project("{FAE04EC0-301F-11D3-BF4B-00C04F79EFBC}") = "ProtectorServer", "ProtectorServer\ProtectorServer.csproj", "{2121CA91-D145-4818-9127-82133D1DB007}"
EndProject
Project("{2150E333-8FDC-42A3-9474-1A3956D46DE8}") = "Solution Items", "Solution Items", "{B0948AAA-7874-4ED1-B23D-B713B7966B02}"
	ProjectSection(SolutionItems) = preProject
		GlobalUsing.cs = GlobalUsing.cs
	EndProjectSection
EndProject
Global
	GlobalSection(SolutionConfigurationPlatforms) = preSolution
		Debug|Any CPU = Debug|Any CPU
		Release|Any CPU = Release|Any CPU
	EndGlobalSection
	GlobalSection(ProjectConfigurationPlatforms) = postSolution
		{2121CA91-D145-4818-9127-82133D1DB007}.Debug|Any CPU.ActiveCfg = Debug|Any CPU
		{2121CA91-D145-4818-9127-82133D1DB007}.Debug|Any CPU.Build.0 = Debug|Any CPU
		{2121CA91-D145-4818-9127-82133D1DB007}.Release|Any CPU.ActiveCfg = Release|Any CPU
		{2121CA91-D145-4818-9127-82133D1DB007}.Release|Any CPU.Build.0 = Release|Any CPU
	EndGlobalSection
	GlobalSection(SolutionProperties) = preSolution
		HideSolutionNode = FALSE
	EndGlobalSection
	GlobalSection(ExtensibilityGlobals) = postSolution
		SolutionGuid = {24CC376D-7629-4AAA-8FD6-0D122E17C52D}
	EndGlobalSection
EndGlobal
